github.com/Telmate/proxmox-api-go v0.0.0-20240318115458-a76eb2351c37 h1:KHxqr7uHsTZJuFafAH2xEvfaFrA5QlU8m9S+FbSaO7Q=
github.com/Telmate/proxmox-api-go v0.0.0-20240318115458-a76eb2351c37/go.mod h1:bscBzOUx0tJAdVGmQvcnoWPg5eI2eJ6anJKV1ueZ1oU=
github.com/Telmate/proxmox-api-go v0.0.0-20240515161628-30cfc1aa4ae4 h1:UsCuxsMGA0ePmUBYaYNvh1kFxoZ35ARpHCfEw9KZxec=
github.com/Telmate/proxmox-api-go v0.0.0-20240515161628-30cfc1aa4ae4/go.mod h1:bscBzOUx0tJAdVGmQvcnoWPg5eI2eJ6anJKV1ueZ1oU=
